
Microsoft Visual Studio Solution File, Format Version 12.00
# Visual Studio Version 17
VisualStudioVersion = 17.5.33424.131
MinimumVisualStudioVersion = 10.0.40219.1
Project("{FAE04EC0-301F-11D3-BF4B-00C04F79EFBC}") = "FileUploader", "FileUploader.csproj", "{D7FC8BCA-4D30-477F-B17B-565AF1AB17DD}"
EndProject
Global
	GlobalSection(SolutionConfigurationPlatforms) = preSolution
		Debug|Any CPU = Debug|Any CPU
		Release|Any CPU = Release|Any CPU
	EndGlobalSection
	GlobalSection(ProjectConfigurationPlatforms) = postSolution
		{D7FC8BCA-4D30-477F-B17B-565AF1AB17DD}.Debug|Any CPU.ActiveCfg = Debug|Any CPU
		{D7FC8BCA-4D30-477F-B17B-565AF1AB17DD}.Debug|Any CPU.Build.0 = Debug|Any CPU
		{D7FC8BCA-4D30-477F-B17B-565AF1AB17DD}.Release|Any CPU.ActiveCfg = Release|Any CPU
		{D7FC8BCA-4D30-477F-B17B-565AF1AB17DD}.Release|Any CPU.Build.0 = Release|Any CPU
	EndGlobalSection
	GlobalSection(SolutionProperties) = preSolution
		HideSolutionNode = FALSE
	EndGlobalSection
	GlobalSection(ExtensibilityGlobals) = postSolution
		SolutionGuid = {B5F4A2F8-8383-4CD8-A6AE-FC77E82F9CC0}
	EndGlobalSection
EndGlobal
